// !$*UTF8*$!
{
	archiveVersion = 1;
	classes = {
	};
	objectVersion = 48;
	objects = {

/* Begin PBXBuildFile section */
		235BB8B81FD89C8600CDA5E7 /* AppDelegate.swift in Sources */ = {isa = PBXBuildFile; fileRef = 235BB8B71FD89C8600CDA5E7 /* AppDelegate.swift */; };
		235BB8BA1FD89C8600CDA5E7 /* ViewController.swift in Sources */ = {isa = PBXBuildFile; fileRef = 235BB8B91FD89C8600CDA5E7 /* ViewController.swift */; };
		235BB8BD1FD89C8600CDA5E7 /* Main.storyboard in Resources */ = {isa = PBXBuildFile; fileRef = 235BB8BB1FD89C8600CDA5E7 /* Main.storyboard */; };
		235BB8BF1FD89C8600CDA5E7 /* Assets.xcassets in Resources */ = {isa = PBXBuildFile; fileRef = 235BB8BE1FD89C8600CDA5E7 /* Assets.xcassets */; };
		235BB8C21FD89C8600CDA5E7 /* LaunchScreen.storyboard in Resources */ = {isa = PBXBuildFile; fileRef = 235BB8C01FD89C8600CDA5E7 /* LaunchScreen.storyboard */; };
		23EA7FC81FD8B02E006FB4E5 /* TodoViewController.swift in Sources */ = {isa = PBXBuildFile; fileRef = 23EA7FC71FD8B02E006FB4E5 /* TodoViewController.swift */; };
		56A914B1DA6A3B8D3BDC64BC /* Pods_todoApp.framework in Frameworks */ = {isa = PBXBuildFile; fileRef = CB9920058F818DC43F236205 /* Pods_todoApp.framework */; };
/* End PBXBuildFile section */

/* Begin PBXFileReference section */
		235BB8B41FD89C8600CDA5E7 /* todoApp.app */ = {isa = PBXFileReference; explicitFileType = wrapper.application; includeInIndex = 0; path = todoApp.app; sourceTree = BUILT_PRODUCTS_DIR; };
		235BB8B71FD89C8600CDA5E7 /* AppDelegate.swift */ = {isa = PBXFileReference; lastKnownFileType = sourcecode.swift; path = AppDelegate.swift; sourceTree = "<group>"; };
		235BB8B91FD89C8600CDA5E7 /* ViewController.swift */ = {isa = PBXFileReference; lastKnownFileType = sourcecode.swift; path = ViewController.swift; sourceTree = "<group>"; };
		235BB8BC1FD89C8600CDA5E7 /* Base */ = {isa = PBXFileReference; lastKnownFileType = file.storyboard; name = Base; path = Base.lproj/Main.storyboard; sourceTree = "<group>"; };
		235BB8BE1FD89C8600CDA5E7 /* Assets.xcassets */ = {isa = PBXFileReference; lastKnownFileType = folder.assetcatalog; path = Assets.xcassets; sourceTree = "<group>"; };
		235BB8C11FD89C8600CDA5E7 /* Base */ = {isa = PBXFileReference; lastKnownFileType = file.storyboard; name = Base; path = Base.lproj/LaunchScreen.storyboard; sourceTree = "<group>"; };
		235BB8C31FD89C8600CDA5E7 /* Info.plist */ = {isa = PBXFileReference; lastKnownFileType = text.plist.xml; path = Info.plist; sourceTree = "<group>"; };
		23EA7FC71FD8B02E006FB4E5 /* TodoViewController.swift */ = {isa = PBXFileReference; lastKnownFileType = sourcecode.swift; path = TodoViewController.swift; sourceTree = "<group>"; };
		C1E21592F396FE0A708719D3 /* Pods-todoApp.debug.xcconfig */ = {isa = PBXFileReference; includeInIndex = 1; lastKnownFileType = text.xcconfig; name = "Pods-todoApp.debug.xcconfig"; path = "Pods/Target Support Files/Pods-todoApp/Pods-todoApp.debug.xcconfig"; sourceTree = "<group>"; };
		C6AFD6AB44028650773F5B53 /* Pods-todoApp.release.xcconfig */ = {isa = PBXFileReference; includeInIndex = 1; lastKnownFileType = text.xcconfig; name = "Pods-todoApp.release.xcconfig"; path = "Pods/Target Support Files/Pods-todoApp/Pods-todoApp.release.xcconfig"; sourceTree = "<group>"; };
		CB9920058F818DC43F236205 /* Pods_todoApp.framework */ = {isa = PBXFileReference; explicitFileType = wrapper.framework; includeInIndex = 0; path = Pods_todoApp.framework; sourceTree = BUILT_PRODUCTS_DIR; };
/* End PBXFileReference section */

/* Begin PBXFrameworksBuildPhase section */
		235BB8B11FD89C8600CDA5E7 /* Frameworks */ = {
			isa = PBXFrameworksBuildPhase;
			buildActionMask = 2147483647;
			files = (
				56A914B1DA6A3B8D3BDC64BC /* Pods_todoApp.framework in Frameworks */,
			);
			runOnlyForDeploymentPostprocessing = 0;
		};
/* End PBXFrameworksBuildPhase section */

/* Begin PBXGroup section */
		235BB8AB1FD89C8600CDA5E7 = {
			isa = PBXGroup;
			children = (
				235BB8B61FD89C8600CDA5E7 /* todoApp */,
				235BB8B51FD89C8600CDA5E7 /* Products */,
				849A824E5F90AB7FEB819A67 /* Pods */,
				EE36AAB4B65B206E73FD54C3 /* Frameworks */,
			);
			sourceTree = "<group>";
		};
		235BB8B51FD89C8600CDA5E7 /* Products */ = {
			isa = PBXGroup;
			children = (
				235BB8B41FD89C8600CDA5E7 /* todoApp.app */,
			);
			name = Products;
			sourceTree = "<group>";
		};
		235BB8B61FD89C8600CDA5E7 /* todoApp */ = {
			isa = PBXGroup;
			children = (
				235BB8B71FD89C8600CDA5E7 /* AppDelegate.swift */,
				235BB8B91FD89C8600CDA5E7 /* ViewController.swift */,
				235BB8BB1FD89C8600CDA5E7 /* Main.storyboard */,
				235BB8BE1FD89C8600CDA5E7 /* Assets.xcassets */,
				235BB8C01FD89C8600CDA5E7 /* LaunchScreen.storyboard */,
				235BB8C31FD89C8600CDA5E7 /* Info.plist */,
				23EA7FC71FD8B02E006FB4E5 /* TodoViewController.swift */,
			);
			path = todoApp;
			sourceTree = "<group>";
		};
		849A824E5F90AB7FEB819A67 /* Pods */ = {
			isa = PBXGroup;
			children = (
				C1E21592F396FE0A708719D3 /* Pods-todoApp.debug.xcconfig */,
				C6AFD6AB44028650773F5B53 /* Pods-todoApp.release.xcconfig */,
			);
			name = Pods;
			sourceTree = "<group>";
		};
		EE36AAB4B65B206E73FD54C3 /* Frameworks */ = {
			isa = PBXGroup;
			children = (
				CB9920058F818DC43F236205 /* Pods_todoApp.framework */,
			);
			name = Frameworks;
			sourceTree = "<group>";
		};
/* End PBXGroup section */

/* Begin PBXNativeTarget section */
		235BB8B31FD89C8600CDA5E7 /* todoApp */ = {
			isa = PBXNativeTarget;
			buildConfigurationList = 235BB8C61FD89C8600CDA5E7 /* Build configuration list for PBXNativeTarget "todoApp" */;
			buildPhases = (
				E1606E5C4657A21DA89E5408 /* [CP] Check Pods Manifest.lock */,
				235BB8B01FD89C8600CDA5E7 /* Sources */,
				235BB8B11FD89C8600CDA5E7 /* Frameworks */,
				235BB8B21FD89C8600CDA5E7 /* Resources */,
				FB18C9625A33D5005382806C /* [CP] Embed Pods Frameworks */,
				182FF773DD32AD93901F1186 /* [CP] Copy Pods Resources */,
			);
			buildRules = (
			);
			dependencies = (
			);
			name = todoApp;
			productName = todoApp;
			productReference = 235BB8B41FD89C8600CDA5E7 /* todoApp.app */;
			productType = "com.apple.product-type.application";
		};
/* End PBXNativeTarget section */

/* Begin PBXProject section */
		235BB8AC1FD89C8600CDA5E7 /* Project object */ = {
			isa = PBXProject;
			attributes = {
				LastSwiftUpdateCheck = 0910;
				LastUpgradeCheck = 0910;
				ORGANIZATIONNAME = "Philipe Alves de Oliveira e SIlva";
				TargetAttributes = {
					235BB8B31FD89C8600CDA5E7 = {
						CreatedOnToolsVersion = 9.1;
						ProvisioningStyle = Automatic;
					};
				};
			};
			buildConfigurationList = 235BB8AF1FD89C8600CDA5E7 /* Build configuration list for PBXProject "todoApp" */;
			compatibilityVersion = "Xcode 8.0";
			developmentRegion = en;
			hasScannedForEncodings = 0;
			knownRegions = (
				en,
				Base,
			);
			mainGroup = 235BB8AB1FD89C8600CDA5E7;
			productRefGroup = 235BB8B51FD89C8600CDA5E7 /* Products */;
			projectDirPath = "";
			projectRoot = "";
			targets = (
				235BB8B31FD89C8600CDA5E7 /* todoApp */,
			);
		};
/* End PBXProject section */

/* Begin PBXResourcesBuildPhase section */
		235BB8B21FD89C8600CDA5E7 /* Resources */ = {
			isa = PBXResourcesBuildPhase;
			buildActionMask = 2147483647;
			files = (
				235BB8C21FD89C8600CDA5E7 /* LaunchScreen.storyboard in Resources */,
				235BB8BF1FD89C8600CDA5E7 /* Assets.xcassets in Resources */,
				235BB8BD1FD89C8600CDA5E7 /* Main.storyboard in Resources */,
			);
			runOnlyForDeploymentPostprocessing = 0;
		};
/* End PBXResourcesBuildPhase section */

/* Begin PBXShellScriptBuildPhase section */
		182FF773DD32AD93901F1186 /* [CP] Copy Pods Resources */ = {
			isa = PBXShellScriptBuildPhase;
			buildActionMask = 2147483647;
			files = (
			);
			inputPaths = (
			);
			name = "[CP] Copy Pods Resources";
			outputPaths = (
			);
			runOnlyForDeploymentPostprocessing = 0;
			shellPath = /bin/sh;
			shellScript = "\"${SRCROOT}/Pods/Target Support Files/Pods-todoApp/Pods-todoApp-resources.sh\"\n";
			showEnvVarsInLog = 0;
		};
		E1606E5C4657A21DA89E5408 /* [CP] Check Pods Manifest.lock */ = {
			isa = PBXShellScriptBuildPhase;
			buildActionMask = 2147483647;
			files = (
			);
			inputPaths = (
				"${PODS_PODFILE_DIR_PATH}/Podfile.lock",
				"${PODS_ROOT}/Manifest.lock",
			);
			name = "[CP] Check Pods Manifest.lock";
			outputPaths = (
				"$(DERIVED_FILE_DIR)/Pods-todoApp-checkManifestLockResult.txt",
			);
			runOnlyForDeploymentPostprocessing = 0;
			shellPath = /bin/sh;
			shellScript = "diff \"${PODS_PODFILE_DIR_PATH}/Podfile.lock\" \"${PODS_ROOT}/Manifest.lock\" > /dev/null\nif [ $? != 0 ] ; then\n    # print error to STDERR\n    echo \"error: The sandbox is not in sync with the Podfile.lock. Run 'pod install' or update your CocoaPods installation.\" >&2\n    exit 1\nfi\n# This output is used by Xcode 'outputs' to avoid re-running this script phase.\necho \"SUCCESS\" > \"${SCRIPT_OUTPUT_FILE_0}\"\n";
			showEnvVarsInLog = 0;
		};
		FB18C9625A33D5005382806C /* [CP] Embed Pods Frameworks */ = {
			isa = PBXShellScriptBuildPhase;
			buildActionMask = 2147483647;
			files = (
			);
			inputPaths = (
				"${SRCROOT}/Pods/Target Support Files/Pods-todoApp/Pods-todoApp-frameworks.sh",
				"${BUILT_PRODUCTS_DIR}/Alamofire/Alamofire.framework",
				"${BUILT_PRODUCTS_DIR}/Eureka/Eureka.framework",
				"${BUILT_PRODUCTS_DIR}/SwiftyJSON/SwiftyJSON.framework",
			);
			name = "[CP] Embed Pods Frameworks";
			outputPaths = (
				"${TARGET_BUILD_DIR}/${FRAMEWORKS_FOLDER_PATH}/Alamofire.framework",
				"${TARGET_BUILD_DIR}/${FRAMEWORKS_FOLDER_PATH}/Eureka.framework",
				"${TARGET_BUILD_DIR}/${FRAMEWORKS_FOLDER_PATH}/SwiftyJSON.framework",
			);
			runOnlyForDeploymentPostprocessing = 0;
			shellPath = /bin/sh;
			shellScript = "\"${SRCROOT}/Pods/Target Support Files/Pods-todoApp/Pods-todoApp-frameworks.sh\"\n";
			showEnvVarsInLog = 0;
		};
/* End PBXShellScriptBuildPhase section */

/* Begin PBXSourcesBuildPhase section */
		235BB8B01FD89C8600CDA5E7 /* Sources */ = {
			isa = PBXSourcesBuildPhase;
			buildActionMask = 2147483647;
			files = (
				235BB8BA1FD89C8600CDA5E7 /* ViewController.swift in Sources */,
				23EA7FC81FD8B02E006FB4E5 /* TodoViewController.swift in Sources */,
				235BB8B81FD89C8600CDA5E7 /* AppDelegate.swift in Sources */,
			);
			runOnlyForDeploymentPostprocessing = 0;
		};
/* End PBXSourcesBuildPhase section */

/* Begin PBXVariantGroup section */
		235BB8BB1FD89C8600CDA5E7 /* Main.storyboard */ = {
			isa = PBXVariantGroup;
			children = (
				235BB8BC1FD89C8600CDA5E7 /* Base */,
			);
			name = Main.storyboard;
			sourceTree = "<group>";
		};
		235BB8C01FD89C8600CDA5E7 /* LaunchScreen.storyboard */ = {
			isa = PBXVariantGroup;
			children = (
				235BB8C11FD89C8600CDA5E7 /* Base */,
			);
			name = LaunchScreen.storyboard;
			sourceTree = "<group>";
		};
/* End PBXVariantGroup section */

/* Begin XCBuildConfiguration section */
		235BB8C41FD89C8600CDA5E7 /* Debug */ = {
			isa = XCBuildConfiguration;
			buildSettings = {
				ALWAYS_SEARCH_USER_PATHS = NO;
				CLANG_ANALYZER_NONNULL = YES;
				CLANG_ANALYZER_NUMBER_OBJECT_CONVERSION = YES_AGGRESSIVE;
				CLANG_CXX_LANGUAGE_STANDARD = "gnu++14";
				CLANG_CXX_LIBRARY = "libc++";
				CLANG_ENABLE_MODULES = YES;
				CLANG_ENABLE_OBJC_ARC = YES;
				CLANG_WARN_BLOCK_CAPTURE_AUTORELEASING = YES;
				CLANG_WARN_BOOL_CONVERSION = YES;
				CLANG_WARN_COMMA = YES;
				CLANG_WARN_CONSTANT_CONVERSION = YES;
				CLANG_WARN_DIRECT_OBJC_ISA_USAGE = YES_ERROR;
				CLANG_WARN_DOCUMENTATION_COMMENTS = YES;
				CLANG_WARN_EMPTY_BODY = YES;
				CLANG_WARN_ENUM_CONVERSION = YES;
				CLANG_WARN_INFINITE_RECURSION = YES;
				CLANG_WARN_INT_CONVERSION = YES;
				CLANG_WARN_NON_LITERAL_NULL_CONVERSION = YES;
				CLANG_WARN_OBJC_LITERAL_CONVERSION = YES;
				CLANG_WARN_OBJC_ROOT_CLASS = YES_ERROR;
				CLANG_WARN_RANGE_LOOP_ANALYSIS = YES;
				CLANG_WARN_STRICT_PROTOTYPES = YES;
				CLANG_WARN_SUSPICIOUS_MOVE = YES;
				CLANG_WARN_UNGUARDED_AVAILABILITY = YES_AGGRESSIVE;
				CLANG_WARN_UNREACHABLE_CODE = YES;
				CLANG_WARN__DUPLICATE_METHOD_MATCH = YES;
				CODE_SIGN_IDENTITY = "iPhone Developer";
				COPY_PHASE_STRIP = NO;
				DEBUG_INFORMATION_FORMAT = dwarf;
				ENABLE_STRICT_OBJC_MSGSEND = YES;
				ENABLE_TESTABILITY = YES;
				GCC_C_LANGUAGE_STANDARD = gnu11;
				GCC_DYNAMIC_NO_PIC = NO;
				GCC_NO_COMMON_BLOCKS = YES;
				GCC_OPTIMIZATION_LEVEL = 0;
				GCC_PREPROCESSOR_DEFINITIONS = (
					"DEBUG=1",
					"$(inherited)",
				);
				GCC_WARN_64_TO_32_BIT_CONVERSION = YES;
				GCC_WARN_ABOUT_RETURN_TYPE = YES_ERROR;
				GCC_WARN_UNDECLARED_SELECTOR = YES;
				GCC_WARN_UNINITIALIZED_AUTOS = YES_AGGRESSIVE;
				GCC_WARN_UNUSED_FUNCTION = YES;
				GCC_WARN_UNUSED_VARIABLE = YES;
				IPHONEOS_DEPLOYMENT_TARGET = 11.1;
				MTL_ENABLE_DEBUG_INFO = YES;
				ONLY_ACTIVE_ARCH = YES;
				SDKROOT = iphoneos;
				SWIFT_ACTIVE_COMPILATION_CONDITIONS = DEBUG;
				SWIFT_OPTIMIZATION_LEVEL = "-Onone";
			};
			name = Debug;
		};
		235BB8C51FD89C8600CDA5E7 /* Release */ = {
			isa = XCBuildConfiguration;
			buildSettings = {
				ALWAYS_SEARCH_USER_PATHS = NO;
				CLANG_ANALYZER_NONNULL = YES;
				CLANG_ANALYZER_NUMBER_OBJECT_CONVERSION = YES_AGGRESSIVE;
				CLANG_CXX_LANGUAGE_STANDARD = "gnu++14";
				CLANG_CXX_LIBRARY = "libc++";
				CLANG_ENABLE_MODULES = YES;
				CLANG_ENABLE_OBJC_ARC = YES;
				CLANG_WARN_BLOCK_CAPTURE_AUTORELEASING = YES;
				CLANG_WARN_BOOL_CONVERSION = YES;
				CLANG_WARN_COMMA = YES;
				CLANG_WARN_CONSTANT_CONVERSION = YES;
				CLANG_WARN_DIRECT_OBJC_ISA_USAGE = YES_ERROR;
				CLANG_WARN_DOCUMENTATION_COMMENTS = YES;
				CLANG_WARN_EMPTY_BODY = YES;
				CLANG_WARN_ENUM_CONVERSION = YES;
				CLANG_WARN_INFINITE_RECURSION = YES;
				CLANG_WARN_INT_CONVERSION = YES;
				CLANG_WARN_NON_LITERAL_NULL_CONVERSION = YES;
				CLANG_WARN_OBJC_LITERAL_CONVERSION = YES;
				CLANG_WARN_OBJC_ROOT_CLASS = YES_ERROR;
				CLANG_WARN_RANGE_LOOP_ANALYSIS = YES;
				CLANG_WARN_STRICT_PROTOTYPES = YES;
				CLANG_WARN_SUSPICIOUS_MOVE = YES;
				CLANG_WARN_UNGUARDED_AVAILABILITY = YES_AGGRESSIVE;
				CLANG_WARN_UNREACHABLE_CODE = YES;
				CLANG_WARN__DUPLICATE_METHOD_MATCH = YES;
				CODE_SIGN_IDENTITY = "iPhone Developer";
				COPY_PHASE_STRIP = NO;
				DEBUG_INFORMATION_FORMAT = "dwarf-with-dsym";
				ENABLE_NS_ASSERTIONS = NO;
				ENABLE_STRICT_OBJC_MSGSEND = YES;
				GCC_C_LANGUAGE_STANDARD = gnu11;
				GCC_NO_COMMON_BLOCKS = YES;
				GCC_WARN_64_TO_32_BIT_CONVERSION = YES;
				GCC_WARN_ABOUT_RETURN_TYPE = YES_ERROR;
				GCC_WARN_UNDECLARED_SELECTOR = YES;
				GCC_WARN_UNINITIALIZED_AUTOS = YES_AGGRESSIVE;
				GCC_WARN_UNUSED_FUNCTION = YES;
				GCC_WARN_UNUSED_VARIABLE = YES;
				IPHONEOS_DEPLOYMENT_TARGET = 11.1;
				MTL_ENABLE_DEBUG_INFO = NO;
				SDKROOT = iphoneos;
				SWIFT_OPTIMIZATION_LEVEL = "-Owholemodule";
				VALIDATE_PRODUCT = YES;
			};
			name = Release;
		};
		235BB8C71FD89C8600CDA5E7 /* Debug */ = {
			isa = XCBuildConfiguration;
			baseConfigurationReference = C1E21592F396FE0A708719D3 /* Pods-todoApp.debug.xcconfig */;
			buildSettings = {
				ASSETCATALOG_COMPILER_APPICON_NAME = AppIcon;
				CODE_SIGN_STYLE = Automatic;
				DEVELOPMENT_TEAM = D5B7VT9FU9;
				INFOPLIST_FILE = todoApp/Info.plist;
				LD_RUNPATH_SEARCH_PATHS = "$(inherited) @executable_path/Frameworks";
				PRODUCT_BUNDLE_IDENTIFIER = com.github.philipealves.todoApp;
				PRODUCT_NAME = "$(TARGET_NAME)";
				SWIFT_VERSION = 4.0;
				TARGETED_DEVICE_FAMILY = "1,2";
			};
			name = Debug;
		};
		235BB8C81FD89C8600CDA5E7 /* Release */ = {
			isa = XCBuildConfiguration;
			baseConfigurationReference = C6AFD6AB44028650773F5B53 /* Pods-todoApp.release.xcconfig */;
			buildSettings = {
				ASSETCATALOG_COMPILER_APPICON_NAME = AppIcon;
				CODE_SIGN_STYLE = Automatic;
				DEVELOPMENT_TEAM = D5B7VT9FU9;
				INFOPLIST_FILE = todoApp/Info.plist;
				LD_RUNPATH_SEARCH_PATHS = "$(inherited) @executable_path/Frameworks";
				PRODUCT_BUNDLE_IDENTIFIER = com.github.philipealves.todoApp;
				PRODUCT_NAME = "$(TARGET_NAME)";
				SWIFT_VERSION = 4.0;
				TARGETED_DEVICE_FAMILY = "1,2";
			};
			name = Release;
		};
/* End XCBuildConfiguration section */

/* Begin XCConfigurationList section */
		235BB8AF1FD89C8600CDA5E7 /* Build configuration list for PBXProject "todoApp" */ = {
			isa = XCConfigurationList;
			buildConfigurations = (
				235BB8C41FD89C8600CDA5E7 /* Debug */,
				235BB8C51FD89C8600CDA5E7 /* Release */,
			);
			defaultConfigurationIsVisible = 0;
			defaultConfigurationName = Release;
		};
		235BB8C61FD89C8600CDA5E7 /* Build configuration list for PBXNativeTarget "todoApp" */ = {
			isa = XCConfigurationList;
			buildConfigurations = (
				235BB8C71FD89C8600CDA5E7 /* Debug */,
				235BB8C81FD89C8600CDA5E7 /* Release */,
			);
			defaultConfigurationIsVisible = 0;
			defaultConfigurationName = Release;
		};
/* End XCConfigurationList section */
	};
	rootObject = 235BB8AC1FD89C8600CDA5E7 /* Project object */;
}
